// !$*UTF8*$!
{
	archiveVersion = 1;
	classes = {
	};
	objectVersion = 56;
	objects = {

/* Begin PBXBuildFile section */
		1837D9A82976674D0094331F /* Registration.swift in Sources */ = {isa = PBXBuildFile; fileRef = 1837D9A72976674D0094331F /* Registration.swift */; };
		1837D9AA29766FD80094331F /* Preview.swift in Sources */ = {isa = PBXBuildFile; fileRef = 1837D9A929766FD80094331F /* Preview.swift */; };
		1837D9AC297677AC0094331F /* Model.swift in Sources */ = {isa = PBXBuildFile; fileRef = 1837D9AB297677AC0094331F /* Model.swift */; };
		1837D9AF297678110094331F /* Entity+CoreDataClass.swift in Sources */ = {isa = PBXBuildFile; fileRef = 1837D9AD297678110094331F /* Entity+CoreDataClass.swift */; };
		1837D9B0297678110094331F /* Entity+CoreDataProperties.swift in Sources */ = {isa = PBXBuildFile; fileRef = 1837D9AE297678110094331F /* Entity+CoreDataProperties.swift */; };
		18A624BE297651D800C29BB5 /* AppDelegate.swift in Sources */ = {isa = PBXBuildFile; fileRef = 18A624BD297651D800C29BB5 /* AppDelegate.swift */; };
		18A624C0297651D800C29BB5 /* SceneDelegate.swift in Sources */ = {isa = PBXBuildFile; fileRef = 18A624BF297651D800C29BB5 /* SceneDelegate.swift */; };
		18A624C2297651D800C29BB5 /* ViewController.swift in Sources */ = {isa = PBXBuildFile; fileRef = 18A624C1297651D800C29BB5 /* ViewController.swift */; };
		18A624C5297651D800C29BB5 /* Main.storyboard in Resources */ = {isa = PBXBuildFile; fileRef = 18A624C3297651D800C29BB5 /* Main.storyboard */; };
		18A624C8297651D800C29BB5 /* Interviewproject1.xcdatamodeld in Sources */ = {isa = PBXBuildFile; fileRef = 18A624C6297651D800C29BB5 /* Interviewproject1.xcdatamodeld */; };
		18A624CA297651DA00C29BB5 /* Assets.xcassets in Resources */ = {isa = PBXBuildFile; fileRef = 18A624C9297651DA00C29BB5 /* Assets.xcassets */; };
		18A624CD297651DA00C29BB5 /* LaunchScreen.storyboard in Resources */ = {isa = PBXBuildFile; fileRef = 18A624CB297651DA00C29BB5 /* LaunchScreen.storyboard */; };
		18A624D8297651DA00C29BB5 /* Interviewproject1Tests.swift in Sources */ = {isa = PBXBuildFile; fileRef = 18A624D7297651DA00C29BB5 /* Interviewproject1Tests.swift */; };
		18A624E2297651DA00C29BB5 /* Interviewproject1UITests.swift in Sources */ = {isa = PBXBuildFile; fileRef = 18A624E1297651DA00C29BB5 /* Interviewproject1UITests.swift */; };
		18A624E4297651DA00C29BB5 /* Interviewproject1UITestsLaunchTests.swift in Sources */ = {isa = PBXBuildFile; fileRef = 18A624E3297651DA00C29BB5 /* Interviewproject1UITestsLaunchTests.swift */; };
		18A624F12976554200C29BB5 /* Attribute.swift in Sources */ = {isa = PBXBuildFile; fileRef = 18A624F02976554200C29BB5 /* Attribute.swift */; };
		18A624F3297657A800C29BB5 /* userTvc.swift in Sources */ = {isa = PBXBuildFile; fileRef = 18A624F2297657A800C29BB5 /* userTvc.swift */; };
		18AF900B2976F3CC00DE40A7 /* Signatureclass.swift in Sources */ = {isa = PBXBuildFile; fileRef = 18AF900A2976F3CC00DE40A7 /* Signatureclass.swift */; };
		9CC206DC49BCD5A5432101B6 /* Pods_Interviewproject1_Interviewproject1UITests.framework in Frameworks */ = {isa = PBXBuildFile; fileRef = 33D8C276085C7302BFE22B34 /* Pods_Interviewproject1_Interviewproject1UITests.framework */; };
		9F1EC53BFDB4A19F8B8C5AFE /* Pods_Interviewproject1Tests.framework in Frameworks */ = {isa = PBXBuildFile; fileRef = DE7FE6A62E2A4E8261568A30 /* Pods_Interviewproject1Tests.framework */; };
		CC69015E7A0D1BC6A8123476 /* Pods_Interviewproject1.framework in Frameworks */ = {isa = PBXBuildFile; fileRef = 46CCE1D92E4F1BD978CA5353 /* Pods_Interviewproject1.framework */; };
/* End PBXBuildFile section */

/* Begin PBXContainerItemProxy section */
		18A624D4297651DA00C29BB5 /* PBXContainerItemProxy */ = {
			isa = PBXContainerItemProxy;
			containerPortal = 18A624B2297651D800C29BB5 /* Project object */;
			proxyType = 1;
			remoteGlobalIDString = 18A624B9297651D800C29BB5;
			remoteInfo = Interviewproject1;
		};
		18A624DE297651DA00C29BB5 /* PBXContainerItemProxy */ = {
			isa = PBXContainerItemProxy;
			containerPortal = 18A624B2297651D800C29BB5 /* Project object */;
			proxyType = 1;
			remoteGlobalIDString = 18A624B9297651D800C29BB5;
			remoteInfo = Interviewproject1;
		};
/* End PBXContainerItemProxy section */

/* Begin PBXFileReference section */
		1837D9A72976674D0094331F /* Registration.swift */ = {isa = PBXFileReference; lastKnownFileType = sourcecode.swift; path = Registration.swift; sourceTree = "<group>"; };
		1837D9A929766FD80094331F /* Preview.swift */ = {isa = PBXFileReference; lastKnownFileType = sourcecode.swift; path = Preview.swift; sourceTree = "<group>"; };
		1837D9AB297677AC0094331F /* Model.swift */ = {isa = PBXFileReference; lastKnownFileType = sourcecode.swift; path = Model.swift; sourceTree = "<group>"; };
		1837D9AD297678110094331F /* Entity+CoreDataClass.swift */ = {isa = PBXFileReference; lastKnownFileType = sourcecode.swift; path = "Entity+CoreDataClass.swift"; sourceTree = "<group>"; };
		1837D9AE297678110094331F /* Entity+CoreDataProperties.swift */ = {isa = PBXFileReference; lastKnownFileType = sourcecode.swift; path = "Entity+CoreDataProperties.swift"; sourceTree = "<group>"; };
		18A624BA297651D800C29BB5 /* Interviewproject1.app */ = {isa = PBXFileReference; explicitFileType = wrapper.application; includeInIndex = 0; path = Interviewproject1.app; sourceTree = BUILT_PRODUCTS_DIR; };
		18A624BD297651D800C29BB5 /* AppDelegate.swift */ = {isa = PBXFileReference; lastKnownFileType = sourcecode.swift; path = AppDelegate.swift; sourceTree = "<group>"; };
		18A624BF297651D800C29BB5 /* SceneDelegate.swift */ = {isa = PBXFileReference; lastKnownFileType = sourcecode.swift; path = SceneDelegate.swift; sourceTree = "<group>"; };
		18A624C1297651D800C29BB5 /* ViewController.swift */ = {isa = PBXFileReference; lastKnownFileType = sourcecode.swift; path = ViewController.swift; sourceTree = "<group>"; };
		18A624C4297651D800C29BB5 /* Base */ = {isa = PBXFileReference; lastKnownFileType = file.storyboard; name = Base; path = Base.lproj/Main.storyboard; sourceTree = "<group>"; };
		18A624C7297651D800C29BB5 /* Interviewproject1.xcdatamodel */ = {isa = PBXFileReference; lastKnownFileType = wrapper.xcdatamodel; path = Interviewproject1.xcdatamodel; sourceTree = "<group>"; };
		18A624C9297651DA00C29BB5 /* Assets.xcassets */ = {isa = PBXFileReference; lastKnownFileType = folder.assetcatalog; path = Assets.xcassets; sourceTree = "<group>"; };
		18A624CC297651DA00C29BB5 /* Base */ = {isa = PBXFileReference; lastKnownFileType = file.storyboard; name = Base; path = Base.lproj/LaunchScreen.storyboard; sourceTree = "<group>"; };
		18A624CE297651DA00C29BB5 /* Info.plist */ = {isa = PBXFileReference; lastKnownFileType = text.plist.xml; path = Info.plist; sourceTree = "<group>"; };
		18A624D3297651DA00C29BB5 /* Interviewproject1Tests.xctest */ = {isa = PBXFileReference; explicitFileType = wrapper.cfbundle; includeInIndex = 0; path = Interviewproject1Tests.xctest; sourceTree = BUILT_PRODUCTS_DIR; };
		18A624D7297651DA00C29BB5 /* Interviewproject1Tests.swift */ = {isa = PBXFileReference; lastKnownFileType = sourcecode.swift; path = Interviewproject1Tests.swift; sourceTree = "<group>"; };
		18A624DD297651DA00C29BB5 /* Interviewproject1UITests.xctest */ = {isa = PBXFileReference; explicitFileType = wrapper.cfbundle; includeInIndex = 0; path = Interviewproject1UITests.xctest; sourceTree = BUILT_PRODUCTS_DIR; };
		18A624E1297651DA00C29BB5 /* Interviewproject1UITests.swift */ = {isa = PBXFileReference; lastKnownFileType = sourcecode.swift; path = Interviewproject1UITests.swift; sourceTree = "<group>"; };
		18A624E3297651DA00C29BB5 /* Interviewproject1UITestsLaunchTests.swift */ = {isa = PBXFileReference; lastKnownFileType = sourcecode.swift; path = Interviewproject1UITestsLaunchTests.swift; sourceTree = "<group>"; };
		18A624F02976554200C29BB5 /* Attribute.swift */ = {isa = PBXFileReference; lastKnownFileType = sourcecode.swift; path = Attribute.swift; sourceTree = "<group>"; };
		18A624F2297657A800C29BB5 /* userTvc.swift */ = {isa = PBXFileReference; lastKnownFileType = sourcecode.swift; path = userTvc.swift; sourceTree = "<group>"; };
		18AF900A2976F3CC00DE40A7 /* Signatureclass.swift */ = {isa = PBXFileReference; lastKnownFileType = sourcecode.swift; path = Signatureclass.swift; sourceTree = "<group>"; };
		33D8C276085C7302BFE22B34 /* Pods_Interviewproject1_Interviewproject1UITests.framework */ = {isa = PBXFileReference; explicitFileType = wrapper.framework; includeInIndex = 0; path = Pods_Interviewproject1_Interviewproject1UITests.framework; sourceTree = BUILT_PRODUCTS_DIR; };
		36303DA7DDCFFCD9691DD569 /* Pods-Interviewproject1-Interviewproject1UITests.debug.xcconfig */ = {isa = PBXFileReference; includeInIndex = 1; lastKnownFileType = text.xcconfig; name = "Pods-Interviewproject1-Interviewproject1UITests.debug.xcconfig"; path = "Target Support Files/Pods-Interviewproject1-Interviewproject1UITests/Pods-Interviewproject1-Interviewproject1UITests.debug.xcconfig"; sourceTree = "<group>"; };
		3B3089374BD557AF394ACDE1 /* Pods-Interviewproject1Tests.debug.xcconfig */ = {isa = PBXFileReference; includeInIndex = 1; lastKnownFileType = text.xcconfig; name = "Pods-Interviewproject1Tests.debug.xcconfig"; path = "Target Support Files/Pods-Interviewproject1Tests/Pods-Interviewproject1Tests.debug.xcconfig"; sourceTree = "<group>"; };
		3C931204CD34D0E7150D6538 /* Pods-Interviewproject1.debug.xcconfig */ = {isa = PBXFileReference; includeInIndex = 1; lastKnownFileType = text.xcconfig; name = "Pods-Interviewproject1.debug.xcconfig"; path = "Target Support Files/Pods-Interviewproject1/Pods-Interviewproject1.debug.xcconfig"; sourceTree = "<group>"; };
		46CCE1D92E4F1BD978CA5353 /* Pods_Interviewproject1.framework */ = {isa = PBXFileReference; explicitFileType = wrapper.framework; includeInIndex = 0; path = Pods_Interviewproject1.framework; sourceTree = BUILT_PRODUCTS_DIR; };
		A4099FFAC86654C5C5BCCCBA /* Pods-Interviewproject1Tests.release.xcconfig */ = {isa = PBXFileReference; includeInIndex = 1; lastKnownFileType = text.xcconfig; name = "Pods-Interviewproject1Tests.release.xcconfig"; path = "Target Support Files/Pods-Interviewproject1Tests/Pods-Interviewproject1Tests.release.xcconfig"; sourceTree = "<group>"; };
		CB132C60AA4FB2FB043073B4 /* Pods-Interviewproject1-Interviewproject1UITests.release.xcconfig */ = {isa = PBXFileReference; includeInIndex = 1; lastKnownFileType = text.xcconfig; name = "Pods-Interviewproject1-Interviewproject1UITests.release.xcconfig"; path = "Target Support Files/Pods-Interviewproject1-Interviewproject1UITests/Pods-Interviewproject1-Interviewproject1UITests.release.xcconfig"; sourceTree = "<group>"; };
		DE7FE6A62E2A4E8261568A30 /* Pods_Interviewproject1Tests.framework */ = {isa = PBXFileReference; explicitFileType = wrapper.framework; includeInIndex = 0; path = Pods_Interviewproject1Tests.framework; sourceTree = BUILT_PRODUCTS_DIR; };
		F8E161FB45A5C59AF174A7B6 /* Pods-Interviewproject1.release.xcconfig */ = {isa = PBXFileReference; includeInIndex = 1; lastKnownFileType = text.xcconfig; name = "Pods-Interviewproject1.release.xcconfig"; path = "Target Support Files/Pods-Interviewproject1/Pods-Interviewproject1.release.xcconfig"; sourceTree = "<group>"; };
/* End PBXFileReference section */

/* Begin PBXFrameworksBuildPhase section */
		18A624B7297651D800C29BB5 /* Frameworks */ = {
			isa = PBXFrameworksBuildPhase;
			buildActionMask = 2147483647;
			files = (
				CC69015E7A0D1BC6A8123476 /* Pods_Interviewproject1.framework in Frameworks */,
			);
			runOnlyForDeploymentPostprocessing = 0;
		};
		18A624D0297651DA00C29BB5 /* Frameworks */ = {
			isa = PBXFrameworksBuildPhase;
			buildActionMask = 2147483647;
			files = (
				9F1EC53BFDB4A19F8B8C5AFE /* Pods_Interviewproject1Tests.framework in Frameworks */,
			);
			runOnlyForDeploymentPostprocessing = 0;
		};
		18A624DA297651DA00C29BB5 /* Frameworks */ = {
			isa = PBXFrameworksBuildPhase;
			buildActionMask = 2147483647;
			files = (
				9CC206DC49BCD5A5432101B6 /* Pods_Interviewproject1_Interviewproject1UITests.framework in Frameworks */,
			);
			runOnlyForDeploymentPostprocessing = 0;
		};
/* End PBXFrameworksBuildPhase section */

/* Begin PBXGroup section */
		18A624B1297651D800C29BB5 = {
			isa = PBXGroup;
			children = (
				1837D9AD297678110094331F /* Entity+CoreDataClass.swift */,
				1837D9AE297678110094331F /* Entity+CoreDataProperties.swift */,
				18A624BC297651D800C29BB5 /* Interviewproject1 */,
				18A624D6297651DA00C29BB5 /* Interviewproject1Tests */,
				18A624E0297651DA00C29BB5 /* Interviewproject1UITests */,
				18A624BB297651D800C29BB5 /* Products */,
				EE714B7EC01100F6F3E3D57A /* Pods */,
				9FACB37E61EBCC29C408C7F2 /* Frameworks */,
			);
			sourceTree = "<group>";
		};
		18A624BB297651D800C29BB5 /* Products */ = {
			isa = PBXGroup;
			children = (
				18A624BA297651D800C29BB5 /* Interviewproject1.app */,
				18A624D3297651DA00C29BB5 /* Interviewproject1Tests.xctest */,
				18A624DD297651DA00C29BB5 /* Interviewproject1UITests.xctest */,
			);
			name = Products;
			sourceTree = "<group>";
		};
		18A624BC297651D800C29BB5 /* Interviewproject1 */ = {
			isa = PBXGroup;
			children = (
				18A624BD297651D800C29BB5 /* AppDelegate.swift */,
				18A624BF297651D800C29BB5 /* SceneDelegate.swift */,
				18A624C1297651D800C29BB5 /* ViewController.swift */,
				18A624F02976554200C29BB5 /* Attribute.swift */,
				1837D9A72976674D0094331F /* Registration.swift */,
				1837D9A929766FD80094331F /* Preview.swift */,
				18A624F2297657A800C29BB5 /* userTvc.swift */,
				18AF900A2976F3CC00DE40A7 /* Signatureclass.swift */,
				1837D9AB297677AC0094331F /* Model.swift */,
				18A624C3297651D800C29BB5 /* Main.storyboard */,
				18A624C9297651DA00C29BB5 /* Assets.xcassets */,
				18A624CB297651DA00C29BB5 /* LaunchScreen.storyboard */,
				18A624CE297651DA00C29BB5 /* Info.plist */,
				18A624C6297651D800C29BB5 /* Interviewproject1.xcdatamodeld */,
			);
			path = Interviewproject1;
			sourceTree = "<group>";
		};
		18A624D6297651DA00C29BB5 /* Interviewproject1Tests */ = {
			isa = PBXGroup;
			children = (
				18A624D7297651DA00C29BB5 /* Interviewproject1Tests.swift */,
			);
			path = Interviewproject1Tests;
			sourceTree = "<group>";
		};
		18A624E0297651DA00C29BB5 /* Interviewproject1UITests */ = {
			isa = PBXGroup;
			children = (
				18A624E1297651DA00C29BB5 /* Interviewproject1UITests.swift */,
				18A624E3297651DA00C29BB5 /* Interviewproject1UITestsLaunchTests.swift */,
			);
			path = Interviewproject1UITests;
			sourceTree = "<group>";
		};
		9FACB37E61EBCC29C408C7F2 /* Frameworks */ = {
			isa = PBXGroup;
			children = (
				46CCE1D92E4F1BD978CA5353 /* Pods_Interviewproject1.framework */,
				33D8C276085C7302BFE22B34 /* Pods_Interviewproject1_Interviewproject1UITests.framework */,
				DE7FE6A62E2A4E8261568A30 /* Pods_Interviewproject1Tests.framework */,
			);
			name = Frameworks;
			sourceTree = "<group>";
		};
		EE714B7EC01100F6F3E3D57A /* Pods */ = {
			isa = PBXGroup;
			children = (
				3C931204CD34D0E7150D6538 /* Pods-Interviewproject1.debug.xcconfig */,
				F8E161FB45A5C59AF174A7B6 /* Pods-Interviewproject1.release.xcconfig */,
				36303DA7DDCFFCD9691DD569 /* Pods-Interviewproject1-Interviewproject1UITests.debug.xcconfig */,
				CB132C60AA4FB2FB043073B4 /* Pods-Interviewproject1-Interviewproject1UITests.release.xcconfig */,
				3B3089374BD557AF394ACDE1 /* Pods-Interviewproject1Tests.debug.xcconfig */,
				A4099FFAC86654C5C5BCCCBA /* Pods-Interviewproject1Tests.release.xcconfig */,
			);
			name = Pods;
			path = Pods;
			sourceTree = "<group>";
		};
/* End PBXGroup section */

/* Begin PBXNativeTarget section */
		18A624B9297651D800C29BB5 /* Interviewproject1 */ = {
			isa = PBXNativeTarget;
			buildConfigurationList = 18A624E7297651DA00C29BB5 /* Build configuration list for PBXNativeTarget "Interviewproject1" */;
			buildPhases = (
				CFC1AD3A841E8260F26826B7 /* [CP] Check Pods Manifest.lock */,
				18A624B6297651D800C29BB5 /* Sources */,
				18A624B7297651D800C29BB5 /* Frameworks */,
				18A624B8297651D800C29BB5 /* Resources */,
				D91DC09A3D7EA4E77AB43BFC /* [CP] Embed Pods Frameworks */,
			);
			buildRules = (
			);
			dependencies = (
			);
			name = Interviewproject1;
			productName = Interviewproject1;
			productReference = 18A624BA297651D800C29BB5 /* Interviewproject1.app */;
			productType = "com.apple.product-type.application";
		};
		18A624D2297651DA00C29BB5 /* Interviewproject1Tests */ = {
			isa = PBXNativeTarget;
			buildConfigurationList = 18A624EA297651DA00C29BB5 /* Build configuration list for PBXNativeTarget "Interviewproject1Tests" */;
			buildPhases = (
				D193E6F2B6E65A9BEBCE52F1 /* [CP] Check Pods Manifest.lock */,
				18A624CF297651DA00C29BB5 /* Sources */,
				18A624D0297651DA00C29BB5 /* Frameworks */,
				18A624D1297651DA00C29BB5 /* Resources */,
			);
			buildRules = (
			);
			dependencies = (
				18A624D5297651DA00C29BB5 /* PBXTargetDependency */,
			);
			name = Interviewproject1Tests;
			productName = Interviewproject1Tests;
			productReference = 18A624D3297651DA00C29BB5 /* Interviewproject1Tests.xctest */;
			productType = "com.apple.product-type.bundle.unit-test";
		};
		18A624DC297651DA00C29BB5 /* Interviewproject1UITests */ = {
			isa = PBXNativeTarget;
			buildConfigurationList = 18A624ED297651DA00C29BB5 /* Build configuration list for PBXNativeTarget "Interviewproject1UITests" */;
			buildPhases = (
				106BD85DB49E28E4DB3690BF /* [CP] Check Pods Manifest.lock */,
				18A624D9297651DA00C29BB5 /* Sources */,
				18A624DA297651DA00C29BB5 /* Frameworks */,
				18A624DB297651DA00C29BB5 /* Resources */,
				370D7B05BB753DDC8B377065 /* [CP] Embed Pods Frameworks */,
			);
			buildRules = (
			);
			dependencies = (
				18A624DF297651DA00C29BB5 /* PBXTargetDependency */,
			);
			name = Interviewproject1UITests;
			productName = Interviewproject1UITests;
			productReference = 18A624DD297651DA00C29BB5 /* Interviewproject1UITests.xctest */;
			productType = "com.apple.product-type.bundle.ui-testing";
		};
/* End PBXNativeTarget section */

/* Begin PBXProject section */
		18A624B2297651D800C29BB5 /* Project object */ = {
			isa = PBXProject;
			attributes = {
				BuildIndependentTargetsInParallel = 1;
				LastSwiftUpdateCheck = 1420;
				LastUpgradeCheck = 1420;
				TargetAttributes = {
					18A624B9297651D800C29BB5 = {
						CreatedOnToolsVersion = 14.2;
					};
					18A624D2297651DA00C29BB5 = {
						CreatedOnToolsVersion = 14.2;
						TestTargetID = 18A624B9297651D800C29BB5;
					};
					18A624DC297651DA00C29BB5 = {
						CreatedOnToolsVersion = 14.2;
						TestTargetID = 18A624B9297651D800C29BB5;
					};
				};
			};
			buildConfigurationList = 18A624B5297651D800C29BB5 /* Build configuration list for PBXProject "Interviewproject1" */;
			compatibilityVersion = "Xcode 14.0";
			developmentRegion = en;
			hasScannedForEncodings = 0;
			knownRegions = (
				en,
				Base,
			);
			mainGroup = 18A624B1297651D800C29BB5;
			productRefGroup = 18A624BB297651D800C29BB5 /* Products */;
			projectDirPath = "";
			projectRoot = "";
			targets = (
				18A624B9297651D800C29BB5 /* Interviewproject1 */,
				18A624D2297651DA00C29BB5 /* Interviewproject1Tests */,
				18A624DC297651DA00C29BB5 /* Interviewproject1UITests */,
			);
		};
/* End PBXProject section */

/* Begin PBXResourcesBuildPhase section */
		18A624B8297651D800C29BB5 /* Resources */ = {
			isa = PBXResourcesBuildPhase;
			buildActionMask = 2147483647;
			files = (
				18A624CD297651DA00C29BB5 /* LaunchScreen.storyboard in Resources */,
				18A624CA297651DA00C29BB5 /* Assets.xcassets in Resources */,
				18A624C5297651D800C29BB5 /* Main.storyboard in Resources */,
			);
			runOnlyForDeploymentPostprocessing = 0;
		};
		18A624D1297651DA00C29BB5 /* Resources */ = {
			isa = PBXResourcesBuildPhase;
			buildActionMask = 2147483647;
			files = (
			);
			runOnlyForDeploymentPostprocessing = 0;
		};
		18A624DB297651DA00C29BB5 /* Resources */ = {
			isa = PBXResourcesBuildPhase;
			buildActionMask = 2147483647;
			files = (
			);
			runOnlyForDeploymentPostprocessing = 0;
		};
/* End PBXResourcesBuildPhase section */

/* Begin PBXShellScriptBuildPhase section */
		106BD85DB49E28E4DB3690BF /* [CP] Check Pods Manifest.lock */ = {
			isa = PBXShellScriptBuildPhase;
			buildActionMask = 2147483647;
			files = (
			);
			inputFileListPaths = (
			);
			inputPaths = (
				"${PODS_PODFILE_DIR_PATH}/Podfile.lock",
				"${PODS_ROOT}/Manifest.lock",
			);
			name = "[CP] Check Pods Manifest.lock";
			outputFileListPaths = (
			);
			outputPaths = (
				"$(DERIVED_FILE_DIR)/Pods-Interviewproject1-Interviewproject1UITests-checkManifestLockResult.txt",
			);
			runOnlyForDeploymentPostprocessing = 0;
			shellPath = /bin/sh;
			shellScript = "diff \"${PODS_PODFILE_DIR_PATH}/Podfile.lock\" \"${PODS_ROOT}/Manifest.lock\" > /dev/null\nif [ $? != 0 ] ; then\n    # print error to STDERR\n    echo \"error: The sandbox is not in sync with the Podfile.lock. Run 'pod install' or update your CocoaPods installation.\" >&2\n    exit 1\nfi\n# This output is used by Xcode 'outputs' to avoid re-running this script phase.\necho \"SUCCESS\" > \"${SCRIPT_OUTPUT_FILE_0}\"\n";
			showEnvVarsInLog = 0;
		};
		370D7B05BB753DDC8B377065 /* [CP] Embed Pods Frameworks */ = {
			isa = PBXShellScriptBuildPhase;
			buildActionMask = 2147483647;
			files = (
			);
			inputFileListPaths = (
				"${PODS_ROOT}/Target Support Files/Pods-Interviewproject1-Interviewproject1UITests/Pods-Interviewproject1-Interviewproject1UITests-frameworks-${CONFIGURATION}-input-files.xcfilelist",
			);
			name = "[CP] Embed Pods Frameworks";
			outputFileListPaths = (
				"${PODS_ROOT}/Target Support Files/Pods-Interviewproject1-Interviewproject1UITests/Pods-Interviewproject1-Interviewproject1UITests-frameworks-${CONFIGURATION}-output-files.xcfilelist",
			);
			runOnlyForDeploymentPostprocessing = 0;
			shellPath = /bin/sh;
			shellScript = "\"${PODS_ROOT}/Target Support Files/Pods-Interviewproject1-Interviewproject1UITests/Pods-Interviewproject1-Interviewproject1UITests-frameworks.sh\"\n";
			showEnvVarsInLog = 0;
		};
		CFC1AD3A841E8260F26826B7 /* [CP] Check Pods Manifest.lock */ = {
			isa = PBXShellScriptBuildPhase;
			buildActionMask = 2147483647;
			files = (
			);
			inputFileListPaths = (
			);
			inputPaths = (
				"${PODS_PODFILE_DIR_PATH}/Podfile.lock",
				"${PODS_ROOT}/Manifest.lock",
			);
			name = "[CP] Check Pods Manifest.lock";
			outputFileListPaths = (
			);
			outputPaths = (
				"$(DERIVED_FILE_DIR)/Pods-Interviewproject1-checkManifestLockResult.txt",
			);
			runOnlyForDeploymentPostprocessing = 0;
			shellPath = /bin/sh;
			shellScript = "diff \"${PODS_PODFILE_DIR_PATH}/Podfile.lock\" \"${PODS_ROOT}/Manifest.lock\" > /dev/null\nif [ $? != 0 ] ; then\n    # print error to STDERR\n    echo \"error: The sandbox is not in sync with the Podfile.lock. Run 'pod install' or update your CocoaPods installation.\" >&2\n    exit 1\nfi\n# This output is used by Xcode 'outputs' to avoid re-running this script phase.\necho \"SUCCESS\" > \"${SCRIPT_OUTPUT_FILE_0}\"\n";
			showEnvVarsInLog = 0;
		};
		D193E6F2B6E65A9BEBCE52F1 /* [CP] Check Pods Manifest.lock */ = {
			isa = PBXShellScriptBuildPhase;
			buildActionMask = 2147483647;
			files = (
			);
			inputFileListPaths = (
			);
			inputPaths = (
				"${PODS_PODFILE_DIR_PATH}/Podfile.lock",
				"${PODS_ROOT}/Manifest.lock",
			);
			name = "[CP] Check Pods Manifest.lock";
			outputFileListPaths = (
			);
			outputPaths = (
				"$(DERIVED_FILE_DIR)/Pods-Interviewproject1Tests-checkManifestLockResult.txt",
			);
			runOnlyForDeploymentPostprocessing = 0;
			shellPath = /bin/sh;
			shellScript = "diff \"${PODS_PODFILE_DIR_PATH}/Podfile.lock\" \"${PODS_ROOT}/Manifest.lock\" > /dev/null\nif [ $? != 0 ] ; then\n    # print error to STDERR\n    echo \"error: The sandbox is not in sync with the Podfile.lock. Run 'pod install' or update your CocoaPods installation.\" >&2\n    exit 1\nfi\n# This output is used by Xcode 'outputs' to avoid re-running this script phase.\necho \"SUCCESS\" > \"${SCRIPT_OUTPUT_FILE_0}\"\n";
			showEnvVarsInLog = 0;
		};
		D91DC09A3D7EA4E77AB43BFC /* [CP] Embed Pods Frameworks */ = {
			isa = PBXShellScriptBuildPhase;
			buildActionMask = 2147483647;
			files = (
			);
			inputFileListPaths = (
				"${PODS_ROOT}/Target Support Files/Pods-Interviewproject1/Pods-Interviewproject1-frameworks-${CONFIGURATION}-input-files.xcfilelist",
			);
			name = "[CP] Embed Pods Frameworks";
			outputFileListPaths = (
				"${PODS_ROOT}/Target Support Files/Pods-Interviewproject1/Pods-Interviewproject1-frameworks-${CONFIGURATION}-output-files.xcfilelist",
			);
			runOnlyForDeploymentPostprocessing = 0;
			shellPath = /bin/sh;
			shellScript = "\"${PODS_ROOT}/Target Support Files/Pods-Interviewproject1/Pods-Interviewproject1-frameworks.sh\"\n";
			showEnvVarsInLog = 0;
		};
/* End PBXShellScriptBuildPhase section */

/* Begin PBXSourcesBuildPhase section */
		18A624B6297651D800C29BB5 /* Sources */ = {
			isa = PBXSourcesBuildPhase;
			buildActionMask = 2147483647;
			files = (
				1837D9AC297677AC0094331F /* Model.swift in Sources */,
				18A624F12976554200C29BB5 /* Attribute.swift in Sources */,
				18A624C2297651D800C29BB5 /* ViewController.swift in Sources */,
				1837D9AA29766FD80094331F /* Preview.swift in Sources */,
				1837D9B0297678110094331F /* Entity+CoreDataProperties.swift in Sources */,
				1837D9A82976674D0094331F /* Registration.swift in Sources */,
				18A624BE297651D800C29BB5 /* AppDelegate.swift in Sources */,
				18A624C0297651D800C29BB5 /* SceneDelegate.swift in Sources */,
				18A624F3297657A800C29BB5 /* userTvc.swift in Sources */,
				1837D9AF297678110094331F /* Entity+CoreDataClass.swift in Sources */,
				18A624C8297651D800C29BB5 /* Interviewproject1.xcdatamodeld in Sources */,
				18AF900B2976F3CC00DE40A7 /* Signatureclass.swift in Sources */,
			);
			runOnlyForDeploymentPostprocessing = 0;
		};
		18A624CF297651DA00C29BB5 /* Sources */ = {
			isa = PBXSourcesBuildPhase;
			buildActionMask = 2147483647;
			files = (
				18A624D8297651DA00C29BB5 /* Interviewproject1Tests.swift in Sources */,
			);
			runOnlyForDeploymentPostprocessing = 0;
		};
		18A624D9297651DA00C29BB5 /* Sources */ = {
			isa = PBXSourcesBuildPhase;
			buildActionMask = 2147483647;
			files = (
				18A624E4297651DA00C29BB5 /* Interviewproject1UITestsLaunchTests.swift in Sources */,
				18A624E2297651DA00C29BB5 /* Interviewproject1UITests.swift in Sources */,
			);
			runOnlyForDeploymentPostprocessing = 0;
		};
/* End PBXSourcesBuildPhase section */

/* Begin PBXTargetDependency section */
		18A624D5297651DA00C29BB5 /* PBXTargetDependency */ = {
			isa = PBXTargetDependency;
			target = 18A624B9297651D800C29BB5 /* Interviewproject1 */;
			targetProxy = 18A624D4297651DA00C29BB5 /* PBXContainerItemProxy */;
		};
		18A624DF297651DA00C29BB5 /* PBXTargetDependency */ = {
			isa = PBXTargetDependency;
			target = 18A624B9297651D800C29BB5 /* Interviewproject1 */;
			targetProxy = 18A624DE297651DA00C29BB5 /* PBXContainerItemProxy */;
		};
/* End PBXTargetDependency section */

/* Begin PBXVariantGroup section */
		18A624C3297651D800C29BB5 /* Main.storyboard */ = {
			isa = PBXVariantGroup;
			children = (
				18A624C4297651D800C29BB5 /* Base */,
			);
			name = Main.storyboard;
			sourceTree = "<group>";
		};
		18A624CB297651DA00C29BB5 /* LaunchScreen.storyboard */ = {
			isa = PBXVariantGroup;
			children = (
				18A624CC297651DA00C29BB5 /* Base */,
			);
			name = LaunchScreen.storyboard;
			sourceTree = "<group>";
		};
/* End PBXVariantGroup section */

/* Begin XCBuildConfiguration section */
		18A624E5297651DA00C29BB5 /* Debug */ = {
			isa = XCBuildConfiguration;
			buildSettings = {
				ALWAYS_SEARCH_USER_PATHS = NO;
				CLANG_ANALYZER_NONNULL = YES;
				CLANG_ANALYZER_NUMBER_OBJECT_CONVERSION = YES_AGGRESSIVE;
				CLANG_CXX_LANGUAGE_STANDARD = "gnu++20";
				CLANG_ENABLE_MODULES = YES;
				CLANG_ENABLE_OBJC_ARC = YES;
				CLANG_ENABLE_OBJC_WEAK = YES;
				CLANG_WARN_BLOCK_CAPTURE_AUTORELEASING = YES;
				CLANG_WARN_BOOL_CONVERSION = YES;
				CLANG_WARN_COMMA = YES;
				CLANG_WARN_CONSTANT_CONVERSION = YES;
				CLANG_WARN_DEPRECATED_OBJC_IMPLEMENTATIONS = YES;
				CLANG_WARN_DIRECT_OBJC_ISA_USAGE = YES_ERROR;
				CLANG_WARN_DOCUMENTATION_COMMENTS = YES;
				CLANG_WARN_EMPTY_BODY = YES;
				CLANG_WARN_ENUM_CONVERSION = YES;
				CLANG_WARN_INFINITE_RECURSION = YES;
				CLANG_WARN_INT_CONVERSION = YES;
				CLANG_WARN_NON_LITERAL_NULL_CONVERSION = YES;
				CLANG_WARN_OBJC_IMPLICIT_RETAIN_SELF = YES;
				CLANG_WARN_OBJC_LITERAL_CONVERSION = YES;
				CLANG_WARN_OBJC_ROOT_CLASS = YES_ERROR;
				CLANG_WARN_QUOTED_INCLUDE_IN_FRAMEWORK_HEADER = YES;
				CLANG_WARN_RANGE_LOOP_ANALYSIS = YES;
				CLANG_WARN_STRICT_PROTOTYPES = YES;
				CLANG_WARN_SUSPICIOUS_MOVE = YES;
				CLANG_WARN_UNGUARDED_AVAILABILITY = YES_AGGRESSIVE;
				CLANG_WARN_UNREACHABLE_CODE = YES;
				CLANG_WARN__DUPLICATE_METHOD_MATCH = YES;
				COPY_PHASE_STRIP = NO;
				DEBUG_INFORMATION_FORMAT = dwarf;
				ENABLE_STRICT_OBJC_MSGSEND = YES;
				ENABLE_TESTABILITY = YES;
				GCC_C_LANGUAGE_STANDARD = gnu11;
				GCC_DYNAMIC_NO_PIC = NO;
				GCC_NO_COMMON_BLOCKS = YES;
				GCC_OPTIMIZATION_LEVEL = 0;
				GCC_PREPROCESSOR_DEFINITIONS = (
					"DEBUG=1",
					"$(inherited)",
				);
				GCC_WARN_64_TO_32_BIT_CONVERSION = YES;
				GCC_WARN_ABOUT_RETURN_TYPE = YES_ERROR;
				GCC_WARN_UNDECLARED_SELECTOR = YES;
				GCC_WARN_UNINITIALIZED_AUTOS = YES_AGGRESSIVE;
				GCC_WARN_UNUSED_FUNCTION = YES;
				GCC_WARN_UNUSED_VARIABLE = YES;
				IPHONEOS_DEPLOYMENT_TARGET = 16.2;
				MTL_ENABLE_DEBUG_INFO = INCLUDE_SOURCE;
				MTL_FAST_MATH = YES;
				ONLY_ACTIVE_ARCH = YES;
				SDKROOT = iphoneos;
				SWIFT_ACTIVE_COMPILATION_CONDITIONS = DEBUG;
				SWIFT_OPTIMIZATION_LEVEL = "-Onone";
			};
			name = Debug;
		};
		18A624E6297651DA00C29BB5 /* Release */ = {
			isa = XCBuildConfiguration;
			buildSettings = {
				ALWAYS_SEARCH_USER_PATHS = NO;
				CLANG_ANALYZER_NONNULL = YES;
				CLANG_ANALYZER_NUMBER_OBJECT_CONVERSION = YES_AGGRESSIVE;
				CLANG_CXX_LANGUAGE_STANDARD = "gnu++20";
				CLANG_ENABLE_MODULES = YES;
				CLANG_ENABLE_OBJC_ARC = YES;
				CLANG_ENABLE_OBJC_WEAK = YES;
				CLANG_WARN_BLOCK_CAPTURE_AUTORELEASING = YES;
				CLANG_WARN_BOOL_CONVERSION = YES;
				CLANG_WARN_COMMA = YES;
				CLANG_WARN_CONSTANT_CONVERSION = YES;
				CLANG_WARN_DEPRECATED_OBJC_IMPLEMENTATIONS = YES;
				CLANG_WARN_DIRECT_OBJC_ISA_USAGE = YES_ERROR;
				CLANG_WARN_DOCUMENTATION_COMMENTS = YES;
				CLANG_WARN_EMPTY_BODY = YES;
				CLANG_WARN_ENUM_CONVERSION = YES;
				CLANG_WARN_INFINITE_RECURSION = YES;
				CLANG_WARN_INT_CONVERSION = YES;
				CLANG_WARN_NON_LITERAL_NULL_CONVERSION = YES;
				CLANG_WARN_OBJC_IMPLICIT_RETAIN_SELF = YES;
				CLANG_WARN_OBJC_LITERAL_CONVERSION = YES;
				CLANG_WARN_OBJC_ROOT_CLASS = YES_ERROR;
				CLANG_WARN_QUOTED_INCLUDE_IN_FRAMEWORK_HEADER = YES;
				CLANG_WARN_RANGE_LOOP_ANALYSIS = YES;
				CLANG_WARN_STRICT_PROTOTYPES = YES;
				CLANG_WARN_SUSPICIOUS_MOVE = YES;
				CLANG_WARN_UNGUARDED_AVAILABILITY = YES_AGGRESSIVE;
				CLANG_WARN_UNREACHABLE_CODE = YES;
				CLANG_WARN__DUPLICATE_METHOD_MATCH = YES;
				COPY_PHASE_STRIP = NO;
				DEBUG_INFORMATION_FORMAT = "dwarf-with-dsym";
				ENABLE_NS_ASSERTIONS = NO;
				ENABLE_STRICT_OBJC_MSGSEND = YES;
				GCC_C_LANGUAGE_STANDARD = gnu11;
				GCC_NO_COMMON_BLOCKS = YES;
				GCC_WARN_64_TO_32_BIT_CONVERSION = YES;
				GCC_WARN_ABOUT_RETURN_TYPE = YES_ERROR;
				GCC_WARN_UNDECLARED_SELECTOR = YES;
				GCC_WARN_UNINITIALIZED_AUTOS = YES_AGGRESSIVE;
				GCC_WARN_UNUSED_FUNCTION = YES;
				GCC_WARN_UNUSED_VARIABLE = YES;
				IPHONEOS_DEPLOYMENT_TARGET = 16.2;
				MTL_ENABLE_DEBUG_INFO = NO;
				MTL_FAST_MATH = YES;
				SDKROOT = iphoneos;
				SWIFT_COMPILATION_MODE = wholemodule;
				SWIFT_OPTIMIZATION_LEVEL = "-O";
				VALIDATE_PRODUCT = YES;
			};
			name = Release;
		};
		18A624E8297651DA00C29BB5 /* Debug */ = {
			isa = XCBuildConfiguration;
			baseConfigurationReference = 3C931204CD34D0E7150D6538 /* Pods-Interviewproject1.debug.xcconfig */;
			buildSettings = {
				ASSETCATALOG_COMPILER_APPICON_NAME = AppIcon;
				ASSETCATALOG_COMPILER_GLOBAL_ACCENT_COLOR_NAME = AccentColor;
				CODE_SIGN_STYLE = Automatic;
				CURRENT_PROJECT_VERSION = 1;
				DEVELOPMENT_TEAM = 6VGWYDBQ54;
				GENERATE_INFOPLIST_FILE = YES;
				INFOPLIST_FILE = Interviewproject1/Info.plist;
				INFOPLIST_KEY_UIApplicationSupportsIndirectInputEvents = YES;
				INFOPLIST_KEY_UILaunchStoryboardName = LaunchScreen;
				INFOPLIST_KEY_UIMainStoryboardFile = Main;
				INFOPLIST_KEY_UISupportedInterfaceOrientations_iPad = "UIInterfaceOrientationPortrait UIInterfaceOrientationPortraitUpsideDown UIInterfaceOrientationLandscapeLeft UIInterfaceOrientationLandscapeRight";
				INFOPLIST_KEY_UISupportedInterfaceOrientations_iPhone = "UIInterfaceOrientationPortrait UIInterfaceOrientationLandscapeLeft UIInterfaceOrientationLandscapeRight";
				LD_RUNPATH_SEARCH_PATHS = (
					"$(inherited)",
					"@executable_path/Frameworks",
				);
				MARKETING_VERSION = 1.0;
				PRODUCT_BUNDLE_IDENTIFIER = JOTECH.Interviewproject1;
				PRODUCT_NAME = "$(TARGET_NAME)";
				SWIFT_EMIT_LOC_STRINGS = YES;
				SWIFT_VERSION = 5.0;
				TARGETED_DEVICE_FAMILY = "1,2";
			};
			name = Debug;
		};
		18A624E9297651DA00C29BB5 /* Release */ = {
			isa = XCBuildConfiguration;
			baseConfigurationReference = F8E161FB45A5C59AF174A7B6 /* Pods-Interviewproject1.release.xcconfig */;
			buildSettings = {
				ASSETCATALOG_COMPILER_APPICON_NAME = AppIcon;
				ASSETCATALOG_COMPILER_GLOBAL_ACCENT_COLOR_NAME = AccentColor;
				CODE_SIGN_STYLE = Automatic;
				CURRENT_PROJECT_VERSION = 1;
				DEVELOPMENT_TEAM = 6VGWYDBQ54;
				GENERATE_INFOPLIST_FILE = YES;
				INFOPLIST_FILE = Interviewproject1/Info.plist;
				INFOPLIST_KEY_UIApplicationSupportsIndirectInputEvents = YES;
				INFOPLIST_KEY_UILaunchStoryboardName = LaunchScreen;
				INFOPLIST_KEY_UIMainStoryboardFile = Main;
				INFOPLIST_KEY_UISupportedInterfaceOrientations_iPad = "UIInterfaceOrientationPortrait UIInterfaceOrientationPortraitUpsideDown UIInterfaceOrientationLandscapeLeft UIInterfaceOrientationLandscapeRight";
				INFOPLIST_KEY_UISupportedInterfaceOrientations_iPhone = "UIInterfaceOrientationPortrait UIInterfaceOrientationLandscapeLeft UIInterfaceOrientationLandscapeRight";
				LD_RUNPATH_SEARCH_PATHS = (
					"$(inherited)",
					"@executable_path/Frameworks",
				);
				MARKETING_VERSION = 1.0;
				PRODUCT_BUNDLE_IDENTIFIER = JOTECH.Interviewproject1;
				PRODUCT_NAME = "$(TARGET_NAME)";
				SWIFT_EMIT_LOC_STRINGS = YES;
				SWIFT_VERSION = 5.0;
				TARGETED_DEVICE_FAMILY = "1,2";
			};
			name = Release;
		};
		18A624EB297651DA00C29BB5 /* Debug */ = {
			isa = XCBuildConfiguration;
			baseConfigurationReference = 3B3089374BD557AF394ACDE1 /* Pods-Interviewproject1Tests.debug.xcconfig */;
			buildSettings = {
				ALWAYS_EMBED_SWIFT_STANDARD_LIBRARIES = YES;
				BUNDLE_LOADER = "$(TEST_HOST)";
				CODE_SIGN_STYLE = Automatic;
				CURRENT_PROJECT_VERSION = 1;
				DEVELOPMENT_TEAM = 6VGWYDBQ54;
				GENERATE_INFOPLIST_FILE = YES;
				IPHONEOS_DEPLOYMENT_TARGET = 16.2;
				MARKETING_VERSION = 1.0;
				PRODUCT_BUNDLE_IDENTIFIER = JOTECH.Interviewproject1Tests;
				PRODUCT_NAME = "$(TARGET_NAME)";
				SWIFT_EMIT_LOC_STRINGS = NO;
				SWIFT_VERSION = 5.0;
				TARGETED_DEVICE_FAMILY = "1,2";
				TEST_HOST = "$(BUILT_PRODUCTS_DIR)/Interviewproject1.app/$(BUNDLE_EXECUTABLE_FOLDER_PATH)/Interviewproject1";
			};
			name = Debug;
		};
		18A624EC297651DA00C29BB5 /* Release */ = {
			isa = XCBuildConfiguration;
			baseConfigurationReference = A4099FFAC86654C5C5BCCCBA /* Pods-Interviewproject1Tests.release.xcconfig */;
			buildSettings = {
				ALWAYS_EMBED_SWIFT_STANDARD_LIBRARIES = YES;
				BUNDLE_LOADER = "$(TEST_HOST)";
				CODE_SIGN_STYLE = Automatic;
				CURRENT_PROJECT_VERSION = 1;
				DEVELOPMENT_TEAM = 6VGWYDBQ54;
				GENERATE_INFOPLIST_FILE = YES;
				IPHONEOS_DEPLOYMENT_TARGET = 16.2;
				MARKETING_VERSION = 1.0;
				PRODUCT_BUNDLE_IDENTIFIER = JOTECH.Interviewproject1Tests;
				PRODUCT_NAME = "$(TARGET_NAME)";
				SWIFT_EMIT_LOC_STRINGS = NO;
				SWIFT_VERSION = 5.0;
				TARGETED_DEVICE_FAMILY = "1,2";
				TEST_HOST = "$(BUILT_PRODUCTS_DIR)/Interviewproject1.app/$(BUNDLE_EXECUTABLE_FOLDER_PATH)/Interviewproject1";
			};
			name = Release;
		};
		18A624EE297651DA00C29BB5 /* Debug */ = {
			isa = XCBuildConfiguration;
			baseConfigurationReference = 36303DA7DDCFFCD9691DD569 /* Pods-Interviewproject1-Interviewproject1UITests.debug.xcconfig */;
			buildSettings = {
				ALWAYS_EMBED_SWIFT_STANDARD_LIBRARIES = YES;
				CODE_SIGN_STYLE = Automatic;
				CURRENT_PROJECT_VERSION = 1;
				DEVELOPMENT_TEAM = 6VGWYDBQ54;
				GENERATE_INFOPLIST_FILE = YES;
				MARKETING_VERSION = 1.0;
				PRODUCT_BUNDLE_IDENTIFIER = JOTECH.Interviewproject1UITests;
				PRODUCT_NAME = "$(TARGET_NAME)";
				SWIFT_EMIT_LOC_STRINGS = NO;
				SWIFT_VERSION = 5.0;
				TARGETED_DEVICE_FAMILY = "1,2";
				TEST_TARGET_NAME = Interviewproject1;
			};
			name = Debug;
		};
		18A624EF297651DA00C29BB5 /* Release */ = {
			isa = XCBuildConfiguration;
			baseConfigurationReference = CB132C60AA4FB2FB043073B4 /* Pods-Interviewproject1-Interviewproject1UITests.release.xcconfig */;
			buildSettings = {
				ALWAYS_EMBED_SWIFT_STANDARD_LIBRARIES = YES;
				CODE_SIGN_STYLE = Automatic;
				CURRENT_PROJECT_VERSION = 1;
				DEVELOPMENT_TEAM = 6VGWYDBQ54;
				GENERATE_INFOPLIST_FILE = YES;
				MARKETING_VERSION = 1.0;
				PRODUCT_BUNDLE_IDENTIFIER = JOTECH.Interviewproject1UITests;
				PRODUCT_NAME = "$(TARGET_NAME)";
				SWIFT_EMIT_LOC_STRINGS = NO;
				SWIFT_VERSION = 5.0;
				TARGETED_DEVICE_FAMILY = "1,2";
				TEST_TARGET_NAME = Interviewproject1;
			};
			name = Release;
		};
/* End XCBuildConfiguration section */

/* Begin XCConfigurationList section */
		18A624B5297651D800C29BB5 /* Build configuration list for PBXProject "Interviewproject1" */ = {
			isa = XCConfigurationList;
			buildConfigurations = (
				18A624E5297651DA00C29BB5 /* Debug */,
				18A624E6297651DA00C29BB5 /* Release */,
			);
			defaultConfigurationIsVisible = 0;
			defaultConfigurationName = Release;
		};
		18A624E7297651DA00C29BB5 /* Build configuration list for PBXNativeTarget "Interviewproject1" */ = {
			isa = XCConfigurationList;
			buildConfigurations = (
				18A624E8297651DA00C29BB5 /* Debug */,
				18A624E9297651DA00C29BB5 /* Release */,
			);
			defaultConfigurationIsVisible = 0;
			defaultConfigurationName = Release;
		};
		18A624EA297651DA00C29BB5 /* Build configuration list for PBXNativeTarget "Interviewproject1Tests" */ = {
			isa = XCConfigurationList;
			buildConfigurations = (
				18A624EB297651DA00C29BB5 /* Debug */,
				18A624EC297651DA00C29BB5 /* Release */,
			);
			defaultConfigurationIsVisible = 0;
			defaultConfigurationName = Release;
		};
		18A624ED297651DA00C29BB5 /* Build configuration list for PBXNativeTarget "Interviewproject1UITests" */ = {
			isa = XCConfigurationList;
			buildConfigurations = (
				18A624EE297651DA00C29BB5 /* Debug */,
				18A624EF297651DA00C29BB5 /* Release */,
			);
			defaultConfigurationIsVisible = 0;
			defaultConfigurationName = Release;
		};
/* End XCConfigurationList section */

/* Begin XCVersionGroup section */
		18A624C6297651D800C29BB5 /* Interviewproject1.xcdatamodeld */ = {
			isa = XCVersionGroup;
			children = (
				18A624C7297651D800C29BB5 /* Interviewproject1.xcdatamodel */,
			);
			currentVersion = 18A624C7297651D800C29BB5 /* Interviewproject1.xcdatamodel */;
			path = Interviewproject1.xcdatamodeld;
			sourceTree = "<group>";
			versionGroupType = wrapper.xcdatamodel;
		};
/* End XCVersionGroup section */
	};
	rootObject = 18A624B2297651D800C29BB5 /* Project object */;
}
